// !$*UTF8*$!
{
	archiveVersion = 1;
	classes = {
	};
	objectVersion = 46;
	objects = {

/* Begin PBXBuildFile section */
		2C2BFD8D1F0323AD00D8387E /* RxSwift.framework in Frameworks */ = {isa = PBXBuildFile; fileRef = 2C2BFD8B1F03238400D8387E /* RxSwift.framework */; };
		2C36FFFC1E23689000D37BF0 /* WebserviceSession.swift in Sources */ = {isa = PBXBuildFile; fileRef = 2C36FFFB1E23689000D37BF0 /* WebserviceSession.swift */; };
		2C4027951E18DC480030E7C8 /* JSONCoder.swift in Sources */ = {isa = PBXBuildFile; fileRef = 2C4027941E18DC480030E7C8 /* JSONCoder.swift */; };
		2C5A09C71F0849DB00660E6A /* AppDelegate.swift in Sources */ = {isa = PBXBuildFile; fileRef = 2C5A09C61F0849DB00660E6A /* AppDelegate.swift */; };
		2C5A09C91F0849DB00660E6A /* ViewController.swift in Sources */ = {isa = PBXBuildFile; fileRef = 2C5A09C81F0849DB00660E6A /* ViewController.swift */; };
		2C5A09CC1F0849DB00660E6A /* Main.storyboard in Resources */ = {isa = PBXBuildFile; fileRef = 2C5A09CA1F0849DB00660E6A /* Main.storyboard */; };
		2C5A09CE1F0849DB00660E6A /* Assets.xcassets in Resources */ = {isa = PBXBuildFile; fileRef = 2C5A09CD1F0849DB00660E6A /* Assets.xcassets */; };
		2C5A09D11F0849DB00660E6A /* LaunchScreen.storyboard in Resources */ = {isa = PBXBuildFile; fileRef = 2C5A09CF1F0849DB00660E6A /* LaunchScreen.storyboard */; };
		2C5C55EA1EF31D7900941012 /* Data+Gzip.swift in Sources */ = {isa = PBXBuildFile; fileRef = 2C5C55E91EF2F7A100941012 /* Data+Gzip.swift */; };
		2C5C55F21EF31DE200941012 /* libz.tbd in Frameworks */ = {isa = PBXBuildFile; fileRef = 2C5C55F11EF31DB300941012 /* libz.tbd */; };
		2C6F0E7E203439F70058B6F4 /* Request.swift in Sources */ = {isa = PBXBuildFile; fileRef = 2C6F0E7D203439F70058B6F4 /* Request.swift */; };
		2C6F0E832034E8020058B6F4 /* Result.swift in Sources */ = {isa = PBXBuildFile; fileRef = 2C6F0E822034E8020058B6F4 /* Result.swift */; };
		2C6F0E852034E8440058B6F4 /* Response.swift in Sources */ = {isa = PBXBuildFile; fileRef = 2C6F0E842034E8440058B6F4 /* Response.swift */; };
		2C6F0E8E20370F4F0058B6F4 /* SnapshotTesting.framework in Frameworks */ = {isa = PBXBuildFile; fileRef = 2C6F0E8D20370F4F0058B6F4 /* SnapshotTesting.framework */; };
		2C6F0E9020370F970058B6F4 /* RequestTests.swift in Sources */ = {isa = PBXBuildFile; fileRef = 2C6F0E8F20370F970058B6F4 /* RequestTests.swift */; };
		2C6F0E92203720880058B6F4 /* JSONCoders.swift in Sources */ = {isa = PBXBuildFile; fileRef = 2C6F0E91203720880058B6F4 /* JSONCoders.swift */; };
		2C7FFAC71E27667B00CD967B /* NSError+Webservice.swift in Sources */ = {isa = PBXBuildFile; fileRef = 2C7FFAC61E27667B00CD967B /* NSError+Webservice.swift */; };
		2C8F328D1EA9A5BB000150B1 /* HTTPError.swift in Sources */ = {isa = PBXBuildFile; fileRef = 2C8F328C1EA9A5BB000150B1 /* HTTPError.swift */; };
		2CA6C7ED1F083BD200F6591E /* KeychainTests.swift in Sources */ = {isa = PBXBuildFile; fileRef = 2CA6C7EC1F083BD200F6591E /* KeychainTests.swift */; };
		2CAA073F203262F200999270 /* Swifter.framework in Frameworks */ = {isa = PBXBuildFile; fileRef = 2CAA073E203262F200999270 /* Swifter.framework */; };
		2CB2396D1E1A2B9600059072 /* HTTPStatus.swift in Sources */ = {isa = PBXBuildFile; fileRef = 2CB2396C1E1A2B9600059072 /* HTTPStatus.swift */; };
		2CB635301F036D7600591B71 /* RxSwift.framework in Frameworks */ = {isa = PBXBuildFile; fileRef = 2C2BFD8B1F03238400D8387E /* RxSwift.framework */; };
		2CE38E8E1E16613800EDFC3D /* NSMWebservice.framework in Frameworks */ = {isa = PBXBuildFile; fileRef = 2CE38E841E16613800EDFC3D /* NSMWebservice.framework */; };
		2CE38E931E16613800EDFC3D /* NSMWebserviceTests.swift in Sources */ = {isa = PBXBuildFile; fileRef = 2CE38E921E16613800EDFC3D /* NSMWebserviceTests.swift */; };
		2CE38E951E16613800EDFC3D /* NSMWebservice.h in Headers */ = {isa = PBXBuildFile; fileRef = 2CE38E871E16613800EDFC3D /* NSMWebservice.h */; settings = {ATTRIBUTES = (Public, ); }; };
		2CE38EAB1E16614700EDFC3D /* Keychain.swift in Sources */ = {isa = PBXBuildFile; fileRef = 2CE38EA11E16614700EDFC3D /* Keychain.swift */; };
		2CE38EAF1E16614700EDFC3D /* Session.swift in Sources */ = {isa = PBXBuildFile; fileRef = 2CE38EA51E16614700EDFC3D /* Session.swift */; };
		2CE38EB01E16614700EDFC3D /* Formatter+NSMWebservice.swift in Sources */ = {isa = PBXBuildFile; fileRef = 2CE38EA71E16614700EDFC3D /* Formatter+NSMWebservice.swift */; };
		2CE38EB11E16614700EDFC3D /* ValueTransformer.swift in Sources */ = {isa = PBXBuildFile; fileRef = 2CE38EA81E16614700EDFC3D /* ValueTransformer.swift */; };
		2CECF4691EAA9B8200FE8BF0 /* string.json in Resources */ = {isa = PBXBuildFile; fileRef = 2CECF4681EAA9B8200FE8BF0 /* string.json */; };
		2CECF46B1EAAA83800FE8BF0 /* int.json in Resources */ = {isa = PBXBuildFile; fileRef = 2CECF46A1EAAA83800FE8BF0 /* int.json */; };
		2CECF46D1EAAA87C00FE8BF0 /* float.json in Resources */ = {isa = PBXBuildFile; fileRef = 2CECF46C1EAAA87C00FE8BF0 /* float.json */; };
		2CECF46F1EAAA8AA00FE8BF0 /* double.json in Resources */ = {isa = PBXBuildFile; fileRef = 2CECF46E1EAAA8AA00FE8BF0 /* double.json */; };
		2CECF4711EAAA9BA00FE8BF0 /* bool_true.json in Resources */ = {isa = PBXBuildFile; fileRef = 2CECF4701EAAA9BA00FE8BF0 /* bool_true.json */; };
		2CECF4731EAAA9D100FE8BF0 /* bool_false.json in Resources */ = {isa = PBXBuildFile; fileRef = 2CECF4721EAAA9D100FE8BF0 /* bool_false.json */; };
		2CECF4751EAAAA1D00FE8BF0 /* string_array.json in Resources */ = {isa = PBXBuildFile; fileRef = 2CECF4741EAAAA1D00FE8BF0 /* string_array.json */; };
		2CECF4771EAAB52E00FE8BF0 /* json_convertible.json in Resources */ = {isa = PBXBuildFile; fileRef = 2CECF4761EAAB52E00FE8BF0 /* json_convertible.json */; };
		2CECF4791EAABE6D00FE8BF0 /* url.json in Resources */ = {isa = PBXBuildFile; fileRef = 2CECF4781EAABE6D00FE8BF0 /* url.json */; };
		2CECF47B1EAAC11C00FE8BF0 /* date.json in Resources */ = {isa = PBXBuildFile; fileRef = 2CECF47A1EAAC11C00FE8BF0 /* date.json */; };
		2CECF47D1EAACCDA00FE8BF0 /* value_transformer.json in Resources */ = {isa = PBXBuildFile; fileRef = 2CECF47C1EAACCDA00FE8BF0 /* value_transformer.json */; };
/* End PBXBuildFile section */

/* Begin PBXContainerItemProxy section */
		2C5A09D61F084A0100660E6A /* PBXContainerItemProxy */ = {
			isa = PBXContainerItemProxy;
			containerPortal = 2CE38E7B1E16613800EDFC3D /* Project object */;
			proxyType = 1;
			remoteGlobalIDString = 2C5A09C31F0849DB00660E6A;
			remoteInfo = TestHost;
		};
		2CE38E8F1E16613800EDFC3D /* PBXContainerItemProxy */ = {
			isa = PBXContainerItemProxy;
			containerPortal = 2CE38E7B1E16613800EDFC3D /* Project object */;
			proxyType = 1;
			remoteGlobalIDString = 2CE38E831E16613800EDFC3D;
			remoteInfo = NSMWebservice;
		};
/* End PBXContainerItemProxy section */

/* Begin PBXFileReference section */
		2C2BFD8B1F03238400D8387E /* RxSwift.framework */ = {isa = PBXFileReference; lastKnownFileType = wrapper.framework; name = RxSwift.framework; path = Carthage/Build/iOS/RxSwift.framework; sourceTree = "<group>"; };
		2C36FFFB1E23689000D37BF0 /* WebserviceSession.swift */ = {isa = PBXFileReference; fileEncoding = 4; lastKnownFileType = sourcecode.swift; path = WebserviceSession.swift; sourceTree = "<group>"; };
		2C4027941E18DC480030E7C8 /* JSONCoder.swift */ = {isa = PBXFileReference; fileEncoding = 4; lastKnownFileType = sourcecode.swift; path = JSONCoder.swift; sourceTree = "<group>"; };
		2C5A09C41F0849DB00660E6A /* TestHost.app */ = {isa = PBXFileReference; explicitFileType = wrapper.application; includeInIndex = 0; path = TestHost.app; sourceTree = BUILT_PRODUCTS_DIR; };
		2C5A09C61F0849DB00660E6A /* AppDelegate.swift */ = {isa = PBXFileReference; lastKnownFileType = sourcecode.swift; path = AppDelegate.swift; sourceTree = "<group>"; };
		2C5A09C81F0849DB00660E6A /* ViewController.swift */ = {isa = PBXFileReference; lastKnownFileType = sourcecode.swift; path = ViewController.swift; sourceTree = "<group>"; };
		2C5A09CB1F0849DB00660E6A /* Base */ = {isa = PBXFileReference; lastKnownFileType = file.storyboard; name = Base; path = Base.lproj/Main.storyboard; sourceTree = "<group>"; };
		2C5A09CD1F0849DB00660E6A /* Assets.xcassets */ = {isa = PBXFileReference; lastKnownFileType = folder.assetcatalog; path = Assets.xcassets; sourceTree = "<group>"; };
		2C5A09D01F0849DB00660E6A /* Base */ = {isa = PBXFileReference; lastKnownFileType = file.storyboard; name = Base; path = Base.lproj/LaunchScreen.storyboard; sourceTree = "<group>"; };
		2C5A09D21F0849DB00660E6A /* Info.plist */ = {isa = PBXFileReference; lastKnownFileType = text.plist.xml; path = Info.plist; sourceTree = "<group>"; };
		2C5A09D81F084A7B00660E6A /* TestHost.entitlements */ = {isa = PBXFileReference; lastKnownFileType = text.plist.entitlements; path = TestHost.entitlements; sourceTree = "<group>"; };
		2C5C55E91EF2F7A100941012 /* Data+Gzip.swift */ = {isa = PBXFileReference; lastKnownFileType = sourcecode.swift; path = "Data+Gzip.swift"; sourceTree = "<group>"; };
		2C5C55F11EF31DB300941012 /* libz.tbd */ = {isa = PBXFileReference; lastKnownFileType = "sourcecode.text-based-dylib-definition"; name = libz.tbd; path = usr/lib/libz.tbd; sourceTree = SDKROOT; };
		2C6F0E7D203439F70058B6F4 /* Request.swift */ = {isa = PBXFileReference; lastKnownFileType = sourcecode.swift; path = Request.swift; sourceTree = "<group>"; };
		2C6F0E822034E8020058B6F4 /* Result.swift */ = {isa = PBXFileReference; lastKnownFileType = sourcecode.swift; path = Result.swift; sourceTree = "<group>"; };
		2C6F0E842034E8440058B6F4 /* Response.swift */ = {isa = PBXFileReference; lastKnownFileType = sourcecode.swift; path = Response.swift; sourceTree = "<group>"; };
		2C6F0E8D20370F4F0058B6F4 /* SnapshotTesting.framework */ = {isa = PBXFileReference; lastKnownFileType = wrapper.framework; name = SnapshotTesting.framework; path = Carthage/Build/iOS/SnapshotTesting.framework; sourceTree = "<group>"; };
		2C6F0E8F20370F970058B6F4 /* RequestTests.swift */ = {isa = PBXFileReference; lastKnownFileType = sourcecode.swift; path = RequestTests.swift; sourceTree = "<group>"; };
		2C6F0E91203720880058B6F4 /* JSONCoders.swift */ = {isa = PBXFileReference; lastKnownFileType = sourcecode.swift; path = JSONCoders.swift; sourceTree = "<group>"; };
		2C7FFAC61E27667B00CD967B /* NSError+Webservice.swift */ = {isa = PBXFileReference; fileEncoding = 4; lastKnownFileType = sourcecode.swift; path = "NSError+Webservice.swift"; sourceTree = "<group>"; };
		2C7FFACE1E276A0800CD967B /* CFNetwork.framework */ = {isa = PBXFileReference; lastKnownFileType = wrapper.framework; name = CFNetwork.framework; path = System/Library/Frameworks/CFNetwork.framework; sourceTree = SDKROOT; };
		2C8F328C1EA9A5BB000150B1 /* HTTPError.swift */ = {isa = PBXFileReference; fileEncoding = 4; lastKnownFileType = sourcecode.swift; path = HTTPError.swift; sourceTree = "<group>"; };
		2CA6C7EC1F083BD200F6591E /* KeychainTests.swift */ = {isa = PBXFileReference; lastKnownFileType = sourcecode.swift; path = KeychainTests.swift; sourceTree = "<group>"; };
		2CAA073E203262F200999270 /* Swifter.framework */ = {isa = PBXFileReference; lastKnownFileType = wrapper.framework; name = Swifter.framework; path = Carthage/Build/iOS/Swifter.framework; sourceTree = "<group>"; };
		2CB2396C1E1A2B9600059072 /* HTTPStatus.swift */ = {isa = PBXFileReference; fileEncoding = 4; lastKnownFileType = sourcecode.swift; path = HTTPStatus.swift; sourceTree = "<group>"; };
		2CE38E841E16613800EDFC3D /* NSMWebservice.framework */ = {isa = PBXFileReference; explicitFileType = wrapper.framework; includeInIndex = 0; path = NSMWebservice.framework; sourceTree = BUILT_PRODUCTS_DIR; };
		2CE38E871E16613800EDFC3D /* NSMWebservice.h */ = {isa = PBXFileReference; lastKnownFileType = sourcecode.c.h; path = NSMWebservice.h; sourceTree = "<group>"; };
		2CE38E881E16613800EDFC3D /* Info.plist */ = {isa = PBXFileReference; lastKnownFileType = text.plist.xml; path = Info.plist; sourceTree = "<group>"; };
		2CE38E8D1E16613800EDFC3D /* NSMWebserviceTests.xctest */ = {isa = PBXFileReference; explicitFileType = wrapper.cfbundle; includeInIndex = 0; path = NSMWebserviceTests.xctest; sourceTree = BUILT_PRODUCTS_DIR; };
		2CE38E921E16613800EDFC3D /* NSMWebserviceTests.swift */ = {isa = PBXFileReference; lastKnownFileType = sourcecode.swift; path = NSMWebserviceTests.swift; sourceTree = "<group>"; };
		2CE38E941E16613800EDFC3D /* Info.plist */ = {isa = PBXFileReference; lastKnownFileType = text.plist.xml; path = Info.plist; sourceTree = "<group>"; };
		2CE38EA11E16614700EDFC3D /* Keychain.swift */ = {isa = PBXFileReference; fileEncoding = 4; lastKnownFileType = sourcecode.swift; path = Keychain.swift; sourceTree = "<group>"; };
		2CE38EA51E16614700EDFC3D /* Session.swift */ = {isa = PBXFileReference; fileEncoding = 4; lastKnownFileType = sourcecode.swift; path = Session.swift; sourceTree = "<group>"; };
		2CE38EA71E16614700EDFC3D /* Formatter+NSMWebservice.swift */ = {isa = PBXFileReference; fileEncoding = 4; lastKnownFileType = sourcecode.swift; path = "Formatter+NSMWebservice.swift"; sourceTree = "<group>"; };
		2CE38EA81E16614700EDFC3D /* ValueTransformer.swift */ = {isa = PBXFileReference; fileEncoding = 4; lastKnownFileType = sourcecode.swift; path = ValueTransformer.swift; sourceTree = "<group>"; };
		2CECF4681EAA9B8200FE8BF0 /* string.json */ = {isa = PBXFileReference; fileEncoding = 4; lastKnownFileType = text.json; path = string.json; sourceTree = "<group>"; };
		2CECF46A1EAAA83800FE8BF0 /* int.json */ = {isa = PBXFileReference; fileEncoding = 4; lastKnownFileType = text.json; path = int.json; sourceTree = "<group>"; };
		2CECF46C1EAAA87C00FE8BF0 /* float.json */ = {isa = PBXFileReference; fileEncoding = 4; lastKnownFileType = text.json; path = float.json; sourceTree = "<group>"; };
		2CECF46E1EAAA8AA00FE8BF0 /* double.json */ = {isa = PBXFileReference; fileEncoding = 4; lastKnownFileType = text.json; path = double.json; sourceTree = "<group>"; };
		2CECF4701EAAA9BA00FE8BF0 /* bool_true.json */ = {isa = PBXFileReference; fileEncoding = 4; lastKnownFileType = text.json; path = bool_true.json; sourceTree = "<group>"; };
		2CECF4721EAAA9D100FE8BF0 /* bool_false.json */ = {isa = PBXFileReference; fileEncoding = 4; lastKnownFileType = text.json; path = bool_false.json; sourceTree = "<group>"; };
		2CECF4741EAAAA1D00FE8BF0 /* string_array.json */ = {isa = PBXFileReference; fileEncoding = 4; lastKnownFileType = text.json; path = string_array.json; sourceTree = "<group>"; };
		2CECF4761EAAB52E00FE8BF0 /* json_convertible.json */ = {isa = PBXFileReference; fileEncoding = 4; lastKnownFileType = text.json; path = json_convertible.json; sourceTree = "<group>"; };
		2CECF4781EAABE6D00FE8BF0 /* url.json */ = {isa = PBXFileReference; fileEncoding = 4; lastKnownFileType = text.json; path = url.json; sourceTree = "<group>"; };
		2CECF47A1EAAC11C00FE8BF0 /* date.json */ = {isa = PBXFileReference; fileEncoding = 4; lastKnownFileType = text.json; path = date.json; sourceTree = "<group>"; };
		2CECF47C1EAACCDA00FE8BF0 /* value_transformer.json */ = {isa = PBXFileReference; fileEncoding = 4; lastKnownFileType = text.json; path = value_transformer.json; sourceTree = "<group>"; };
/* End PBXFileReference section */

/* Begin PBXFrameworksBuildPhase section */
		2C5A09C11F0849DB00660E6A /* Frameworks */ = {
			isa = PBXFrameworksBuildPhase;
			buildActionMask = 2147483647;
			files = (
			);
			runOnlyForDeploymentPostprocessing = 0;
		};
		2CE38E801E16613800EDFC3D /* Frameworks */ = {
			isa = PBXFrameworksBuildPhase;
			buildActionMask = 2147483647;
			files = (
				2C5C55F21EF31DE200941012 /* libz.tbd in Frameworks */,
				2C2BFD8D1F0323AD00D8387E /* RxSwift.framework in Frameworks */,
			);
			runOnlyForDeploymentPostprocessing = 0;
		};
		2CE38E8A1E16613800EDFC3D /* Frameworks */ = {
			isa = PBXFrameworksBuildPhase;
			buildActionMask = 2147483647;
			files = (
				2CAA073F203262F200999270 /* Swifter.framework in Frameworks */,
				2CE38E8E1E16613800EDFC3D /* NSMWebservice.framework in Frameworks */,
				2CB635301F036D7600591B71 /* RxSwift.framework in Frameworks */,
				2C6F0E8E20370F4F0058B6F4 /* SnapshotTesting.framework in Frameworks */,
			);
			runOnlyForDeploymentPostprocessing = 0;
		};
/* End PBXFrameworksBuildPhase section */

/* Begin PBXGroup section */
		2C059F4F1E1798F500F18CD3 /* Frameworks */ = {
			isa = PBXGroup;
			children = (
				2C6F0E8D20370F4F0058B6F4 /* SnapshotTesting.framework */,
				2CAA073E203262F200999270 /* Swifter.framework */,
				2C2BFD8B1F03238400D8387E /* RxSwift.framework */,
				2C5C55F11EF31DB300941012 /* libz.tbd */,
				2C7FFACE1E276A0800CD967B /* CFNetwork.framework */,
			);
			name = Frameworks;
			sourceTree = "<group>";
		};
		2C5A09C51F0849DB00660E6A /* TestHost */ = {
			isa = PBXGroup;
			children = (
				2C5A09D81F084A7B00660E6A /* TestHost.entitlements */,
				2C5A09C61F0849DB00660E6A /* AppDelegate.swift */,
				2C5A09C81F0849DB00660E6A /* ViewController.swift */,
				2C5A09CA1F0849DB00660E6A /* Main.storyboard */,
				2C5A09CD1F0849DB00660E6A /* Assets.xcassets */,
				2C5A09CF1F0849DB00660E6A /* LaunchScreen.storyboard */,
				2C5A09D21F0849DB00660E6A /* Info.plist */,
			);
			path = TestHost;
			sourceTree = "<group>";
		};
		2C5C55E01EF2F76800941012 /* Libraries */ = {
			isa = PBXGroup;
			children = (
				2C5C55E11EF2F76800941012 /* GzipSwift */,
			);
			path = Libraries;
			sourceTree = "<group>";
		};
		2C5C55E11EF2F76800941012 /* GzipSwift */ = {
			isa = PBXGroup;
			children = (
				2C5C55E91EF2F7A100941012 /* Data+Gzip.swift */,
			);
			path = GzipSwift;
			sourceTree = "<group>";
		};
		2C72F8B22040094900ECFCDA /* Extensions */ = {
			isa = PBXGroup;
			children = (
				2C7FFAC61E27667B00CD967B /* NSError+Webservice.swift */,
			);
			path = Extensions;
			sourceTree = "<group>";
		};
		2CE38E7A1E16613800EDFC3D = {
			isa = PBXGroup;
			children = (
				2CE38E861E16613800EDFC3D /* NSMWebservice */,
				2CE38E911E16613800EDFC3D /* NSMWebserviceTests */,
				2C5A09C51F0849DB00660E6A /* TestHost */,
				2CE38E851E16613800EDFC3D /* Products */,
				2C059F4F1E1798F500F18CD3 /* Frameworks */,
			);
			sourceTree = "<group>";
		};
		2CE38E851E16613800EDFC3D /* Products */ = {
			isa = PBXGroup;
			children = (
				2CE38E841E16613800EDFC3D /* NSMWebservice.framework */,
				2CE38E8D1E16613800EDFC3D /* NSMWebserviceTests.xctest */,
				2C5A09C41F0849DB00660E6A /* TestHost.app */,
			);
			name = Products;
			sourceTree = "<group>";
		};
		2CE38E861E16613800EDFC3D /* NSMWebservice */ = {
			isa = PBXGroup;
			children = (
				2CE38E871E16613800EDFC3D /* NSMWebservice.h */,
				2CE38E881E16613800EDFC3D /* Info.plist */,
				2CE38E9E1E16614700EDFC3D /* Classes */,
				2C5C55E01EF2F76800941012 /* Libraries */,
			);
			path = NSMWebservice;
			sourceTree = "<group>";
		};
		2CE38E911E16613800EDFC3D /* NSMWebserviceTests */ = {
			isa = PBXGroup;
			children = (
				2CE38E941E16613800EDFC3D /* Info.plist */,
				2CA6C7EC1F083BD200F6591E /* KeychainTests.swift */,
				2CE38E921E16613800EDFC3D /* NSMWebserviceTests.swift */,
				2C6F0E8F20370F970058B6F4 /* RequestTests.swift */,
				2CECF4671EAA9B6B00FE8BF0 /* Test Data */,
			);
			path = NSMWebserviceTests;
			sourceTree = "<group>";
		};
		2CE38E9E1E16614700EDFC3D /* Classes */ = {
			isa = PBXGroup;
			children = (
				2C8F328C1EA9A5BB000150B1 /* HTTPError.swift */,
				2CB2396C1E1A2B9600059072 /* HTTPStatus.swift */,
				2C4027941E18DC480030E7C8 /* JSONCoder.swift */,
				2C6F0E91203720880058B6F4 /* JSONCoders.swift */,
				2CE38EA11E16614700EDFC3D /* Keychain.swift */,
				2C6F0E7D203439F70058B6F4 /* Request.swift */,
				2C6F0E842034E8440058B6F4 /* Response.swift */,
				2C6F0E822034E8020058B6F4 /* Result.swift */,
				2CE38EA51E16614700EDFC3D /* Session.swift */,
				2C36FFFB1E23689000D37BF0 /* WebserviceSession.swift */,
				2C72F8B22040094900ECFCDA /* Extensions */,
				2CE38EA61E16614700EDFC3D /* Transformers */,
			);
			path = Classes;
			sourceTree = "<group>";
		};
		2CE38EA61E16614700EDFC3D /* Transformers */ = {
			isa = PBXGroup;
			children = (
				2CE38EA71E16614700EDFC3D /* Formatter+NSMWebservice.swift */,
				2CE38EA81E16614700EDFC3D /* ValueTransformer.swift */,
			);
			path = Transformers;
			sourceTree = "<group>";
		};
		2CECF4671EAA9B6B00FE8BF0 /* Test Data */ = {
			isa = PBXGroup;
			children = (
				2CECF4681EAA9B8200FE8BF0 /* string.json */,
				2CECF46A1EAAA83800FE8BF0 /* int.json */,
				2CECF46C1EAAA87C00FE8BF0 /* float.json */,
				2CECF46E1EAAA8AA00FE8BF0 /* double.json */,
				2CECF4701EAAA9BA00FE8BF0 /* bool_true.json */,
				2CECF4721EAAA9D100FE8BF0 /* bool_false.json */,
				2CECF4741EAAAA1D00FE8BF0 /* string_array.json */,
				2CECF4761EAAB52E00FE8BF0 /* json_convertible.json */,
				2CECF4781EAABE6D00FE8BF0 /* url.json */,
				2CECF47A1EAAC11C00FE8BF0 /* date.json */,
				2CECF47C1EAACCDA00FE8BF0 /* value_transformer.json */,
			);
			path = "Test Data";
			sourceTree = "<group>";
		};
/* End PBXGroup section */

/* Begin PBXHeadersBuildPhase section */
		2CE38E811E16613800EDFC3D /* Headers */ = {
			isa = PBXHeadersBuildPhase;
			buildActionMask = 2147483647;
			files = (
				2CE38E951E16613800EDFC3D /* NSMWebservice.h in Headers */,
			);
			runOnlyForDeploymentPostprocessing = 0;
		};
/* End PBXHeadersBuildPhase section */

/* Begin PBXNativeTarget section */
		2C5A09C31F0849DB00660E6A /* TestHost */ = {
			isa = PBXNativeTarget;
			buildConfigurationList = 2C5A09D31F0849DB00660E6A /* Build configuration list for PBXNativeTarget "TestHost" */;
			buildPhases = (
				2C5A09C01F0849DB00660E6A /* Sources */,
				2C5A09C11F0849DB00660E6A /* Frameworks */,
				2C5A09C21F0849DB00660E6A /* Resources */,
				2CA51D681F084BA2005D5AB5 /* Carthage */,
			);
			buildRules = (
			);
			dependencies = (
			);
			name = TestHost;
			productName = TestHost;
			productReference = 2C5A09C41F0849DB00660E6A /* TestHost.app */;
			productType = "com.apple.product-type.application";
		};
		2CE38E831E16613800EDFC3D /* NSMWebservice */ = {
			isa = PBXNativeTarget;
			buildConfigurationList = 2CE38E981E16613800EDFC3D /* Build configuration list for PBXNativeTarget "NSMWebservice" */;
			buildPhases = (
				2CE38E7F1E16613800EDFC3D /* Sources */,
				2CE38E801E16613800EDFC3D /* Frameworks */,
				2CE38E811E16613800EDFC3D /* Headers */,
				2CE38E821E16613800EDFC3D /* Resources */,
			);
			buildRules = (
			);
			dependencies = (
			);
			name = NSMWebservice;
			productName = NSMWebservice;
			productReference = 2CE38E841E16613800EDFC3D /* NSMWebservice.framework */;
			productType = "com.apple.product-type.framework";
		};
		2CE38E8C1E16613800EDFC3D /* NSMWebserviceTests */ = {
			isa = PBXNativeTarget;
			buildConfigurationList = 2CE38E9B1E16613800EDFC3D /* Build configuration list for PBXNativeTarget "NSMWebserviceTests" */;
			buildPhases = (
				2CE38E891E16613800EDFC3D /* Sources */,
				2CE38E8A1E16613800EDFC3D /* Frameworks */,
				2CE38E8B1E16613800EDFC3D /* Resources */,
			);
			buildRules = (
			);
			dependencies = (
				2C5A09D71F084A0100660E6A /* PBXTargetDependency */,
				2CE38E901E16613800EDFC3D /* PBXTargetDependency */,
			);
			name = NSMWebserviceTests;
			productName = NSMWebserviceTests;
			productReference = 2CE38E8D1E16613800EDFC3D /* NSMWebserviceTests.xctest */;
			productType = "com.apple.product-type.bundle.unit-test";
		};
/* End PBXNativeTarget section */

/* Begin PBXProject section */
		2CE38E7B1E16613800EDFC3D /* Project object */ = {
			isa = PBXProject;
			attributes = {
				LastSwiftUpdateCheck = 0900;
				LastUpgradeCheck = 0900;
				ORGANIZATIONNAME = nesiumdotcom;
				TargetAttributes = {
					2C5A09C31F0849DB00660E6A = {
						CreatedOnToolsVersion = 9.0;
						DevelopmentTeam = EMF866L2YQ;
						SystemCapabilities = {
							com.apple.Keychain = {
								enabled = 1;
							};
						};
					};
					2CE38E831E16613800EDFC3D = {
						CreatedOnToolsVersion = 8.2.1;
						DevelopmentTeam = EMF866L2YQ;
						LastSwiftMigration = 0900;
						ProvisioningStyle = Automatic;
					};
					2CE38E8C1E16613800EDFC3D = {
						CreatedOnToolsVersion = 8.2.1;
						DevelopmentTeam = EMF866L2YQ;
						LastSwiftMigration = 0900;
						ProvisioningStyle = Automatic;
						TestTargetID = 2C5A09C31F0849DB00660E6A;
					};
				};
			};
			buildConfigurationList = 2CE38E7E1E16613800EDFC3D /* Build configuration list for PBXProject "NSMWebservice" */;
			compatibilityVersion = "Xcode 3.2";
			developmentRegion = English;
			hasScannedForEncodings = 0;
			knownRegions = (
				en,
				Base,
			);
			mainGroup = 2CE38E7A1E16613800EDFC3D;
			productRefGroup = 2CE38E851E16613800EDFC3D /* Products */;
			projectDirPath = "";
			projectRoot = "";
			targets = (
				2CE38E831E16613800EDFC3D /* NSMWebservice */,
				2CE38E8C1E16613800EDFC3D /* NSMWebserviceTests */,
				2C5A09C31F0849DB00660E6A /* TestHost */,
			);
		};
/* End PBXProject section */

/* Begin PBXResourcesBuildPhase section */
		2C5A09C21F0849DB00660E6A /* Resources */ = {
			isa = PBXResourcesBuildPhase;
			buildActionMask = 2147483647;
			files = (
				2C5A09D11F0849DB00660E6A /* LaunchScreen.storyboard in Resources */,
				2C5A09CE1F0849DB00660E6A /* Assets.xcassets in Resources */,
				2C5A09CC1F0849DB00660E6A /* Main.storyboard in Resources */,
			);
			runOnlyForDeploymentPostprocessing = 0;
		};
		2CE38E821E16613800EDFC3D /* Resources */ = {
			isa = PBXResourcesBuildPhase;
			buildActionMask = 2147483647;
			files = (
			);
			runOnlyForDeploymentPostprocessing = 0;
		};
		2CE38E8B1E16613800EDFC3D /* Resources */ = {
			isa = PBXResourcesBuildPhase;
			buildActionMask = 2147483647;
			files = (
				2CECF4751EAAAA1D00FE8BF0 /* string_array.json in Resources */,
				2CECF47D1EAACCDA00FE8BF0 /* value_transformer.json in Resources */,
				2CECF4691EAA9B8200FE8BF0 /* string.json in Resources */,
				2CECF4791EAABE6D00FE8BF0 /* url.json in Resources */,
				2CECF47B1EAAC11C00FE8BF0 /* date.json in Resources */,
				2CECF46B1EAAA83800FE8BF0 /* int.json in Resources */,
				2CECF4771EAAB52E00FE8BF0 /* json_convertible.json in Resources */,
				2CECF46F1EAAA8AA00FE8BF0 /* double.json in Resources */,
				2CECF4731EAAA9D100FE8BF0 /* bool_false.json in Resources */,
				2CECF4711EAAA9BA00FE8BF0 /* bool_true.json in Resources */,
				2CECF46D1EAAA87C00FE8BF0 /* float.json in Resources */,
			);
			runOnlyForDeploymentPostprocessing = 0;
		};
/* End PBXResourcesBuildPhase section */

/* Begin PBXShellScriptBuildPhase section */
		2CA51D681F084BA2005D5AB5 /* Carthage */ = {
			isa = PBXShellScriptBuildPhase;
			buildActionMask = 2147483647;
			files = (
			);
			inputPaths = (
				"$(SRCROOT)/Carthage/Build/iOS/RxSwift.framework",
				"$(SRCROOT)/Carthage/Build/iOS/Swifter.framework",
				"$(SRCROOT)/Carthage/Build/iOS/SnapshotTesting.framework",
			);
			name = Carthage;
			outputPaths = (
			);
			runOnlyForDeploymentPostprocessing = 0;
			shellPath = /bin/sh;
			shellScript = "/usr/local/bin/carthage copy-frameworks";
		};
/* End PBXShellScriptBuildPhase section */

/* Begin PBXSourcesBuildPhase section */
		2C5A09C01F0849DB00660E6A /* Sources */ = {
			isa = PBXSourcesBuildPhase;
			buildActionMask = 2147483647;
			files = (
				2C5A09C91F0849DB00660E6A /* ViewController.swift in Sources */,
				2C5A09C71F0849DB00660E6A /* AppDelegate.swift in Sources */,
			);
			runOnlyForDeploymentPostprocessing = 0;
		};
		2CE38E7F1E16613800EDFC3D /* Sources */ = {
			isa = PBXSourcesBuildPhase;
			buildActionMask = 2147483647;
			files = (
				2CE38EAF1E16614700EDFC3D /* Session.swift in Sources */,
				2C6F0E92203720880058B6F4 /* JSONCoders.swift in Sources */,
				2C8F328D1EA9A5BB000150B1 /* HTTPError.swift in Sources */,
				2CB2396D1E1A2B9600059072 /* HTTPStatus.swift in Sources */,
				2C6F0E852034E8440058B6F4 /* Response.swift in Sources */,
				2CE38EB01E16614700EDFC3D /* Formatter+NSMWebservice.swift in Sources */,
				2C6F0E832034E8020058B6F4 /* Result.swift in Sources */,
				2C36FFFC1E23689000D37BF0 /* WebserviceSession.swift in Sources */,
				2C6F0E7E203439F70058B6F4 /* Request.swift in Sources */,
				2C5C55EA1EF31D7900941012 /* Data+Gzip.swift in Sources */,
				2C4027951E18DC480030E7C8 /* JSONCoder.swift in Sources */,
				2CE38EAB1E16614700EDFC3D /* Keychain.swift in Sources */,
				2CE38EB11E16614700EDFC3D /* ValueTransformer.swift in Sources */,
				2C7FFAC71E27667B00CD967B /* NSError+Webservice.swift in Sources */,
			);
			runOnlyForDeploymentPostprocessing = 0;
		};
		2CE38E891E16613800EDFC3D /* Sources */ = {
			isa = PBXSourcesBuildPhase;
			buildActionMask = 2147483647;
			files = (
				2C6F0E9020370F970058B6F4 /* RequestTests.swift in Sources */,
				2CE38E931E16613800EDFC3D /* NSMWebserviceTests.swift in Sources */,
				2CA6C7ED1F083BD200F6591E /* KeychainTests.swift in Sources */,
			);
			runOnlyForDeploymentPostprocessing = 0;
		};
/* End PBXSourcesBuildPhase section */

/* Begin PBXTargetDependency section */
		2C5A09D71F084A0100660E6A /* PBXTargetDependency */ = {
			isa = PBXTargetDependency;
			target = 2C5A09C31F0849DB00660E6A /* TestHost */;
			targetProxy = 2C5A09D61F084A0100660E6A /* PBXContainerItemProxy */;
		};
		2CE38E901E16613800EDFC3D /* PBXTargetDependency */ = {
			isa = PBXTargetDependency;
			target = 2CE38E831E16613800EDFC3D /* NSMWebservice */;
			targetProxy = 2CE38E8F1E16613800EDFC3D /* PBXContainerItemProxy */;
		};
/* End PBXTargetDependency section */

/* Begin PBXVariantGroup section */
		2C5A09CA1F0849DB00660E6A /* Main.storyboard */ = {
			isa = PBXVariantGroup;
			children = (
				2C5A09CB1F0849DB00660E6A /* Base */,
			);
			name = Main.storyboard;
			sourceTree = "<group>";
		};
		2C5A09CF1F0849DB00660E6A /* LaunchScreen.storyboard */ = {
			isa = PBXVariantGroup;
			children = (
				2C5A09D01F0849DB00660E6A /* Base */,
			);
			name = LaunchScreen.storyboard;
			sourceTree = "<group>";
		};
/* End PBXVariantGroup section */

/* Begin XCBuildConfiguration section */
		2C5A09D41F0849DB00660E6A /* Debug */ = {
			isa = XCBuildConfiguration;
			buildSettings = {
				ASSETCATALOG_COMPILER_APPICON_NAME = AppIcon;
				CLANG_ANALYZER_NUMBER_OBJECT_CONVERSION = YES_AGGRESSIVE;
				CLANG_CXX_LANGUAGE_STANDARD = "gnu++14";
				CLANG_WARN_UNGUARDED_AVAILABILITY = YES_AGGRESSIVE;
				CODE_SIGN_ENTITLEMENTS = TestHost/TestHost.entitlements;
				CODE_SIGN_IDENTITY = "iPhone Developer";
				DEVELOPMENT_TEAM = EMF866L2YQ;
				GCC_C_LANGUAGE_STANDARD = gnu11;
				INFOPLIST_FILE = TestHost/Info.plist;
				LD_RUNPATH_SEARCH_PATHS = "$(inherited) @executable_path/Frameworks";
				PRODUCT_BUNDLE_IDENTIFIER = com.nesium.TestHost;
				PRODUCT_NAME = "$(TARGET_NAME)";
				SWIFT_VERSION = 4.0;
				TARGETED_DEVICE_FAMILY = "1,2";
			};
			name = Debug;
		};
		2C5A09D51F0849DB00660E6A /* Release */ = {
			isa = XCBuildConfiguration;
			buildSettings = {
				ASSETCATALOG_COMPILER_APPICON_NAME = AppIcon;
				CLANG_ANALYZER_NUMBER_OBJECT_CONVERSION = YES_AGGRESSIVE;
				CLANG_CXX_LANGUAGE_STANDARD = "gnu++14";
				CLANG_WARN_UNGUARDED_AVAILABILITY = YES_AGGRESSIVE;
				CODE_SIGN_ENTITLEMENTS = TestHost/TestHost.entitlements;
				CODE_SIGN_IDENTITY = "iPhone Developer";
				DEVELOPMENT_TEAM = EMF866L2YQ;
				GCC_C_LANGUAGE_STANDARD = gnu11;
				INFOPLIST_FILE = TestHost/Info.plist;
				LD_RUNPATH_SEARCH_PATHS = "$(inherited) @executable_path/Frameworks";
				PRODUCT_BUNDLE_IDENTIFIER = com.nesium.TestHost;
				PRODUCT_NAME = "$(TARGET_NAME)";
				SWIFT_VERSION = 4.0;
				TARGETED_DEVICE_FAMILY = "1,2";
			};
			name = Release;
		};
		2CE38E961E16613800EDFC3D /* Debug */ = {
			isa = XCBuildConfiguration;
			buildSettings = {
				ALWAYS_SEARCH_USER_PATHS = NO;
				CLANG_ANALYZER_NONNULL = YES;
				CLANG_CXX_LANGUAGE_STANDARD = "gnu++0x";
				CLANG_CXX_LIBRARY = "libc++";
				CLANG_ENABLE_MODULES = YES;
				CLANG_ENABLE_OBJC_ARC = YES;
				CLANG_WARN_BLOCK_CAPTURE_AUTORELEASING = YES;
				CLANG_WARN_BOOL_CONVERSION = YES;
				CLANG_WARN_COMMA = YES;
				CLANG_WARN_CONSTANT_CONVERSION = YES;
				CLANG_WARN_DIRECT_OBJC_ISA_USAGE = YES_ERROR;
				CLANG_WARN_DOCUMENTATION_COMMENTS = YES;
				CLANG_WARN_EMPTY_BODY = YES;
				CLANG_WARN_ENUM_CONVERSION = YES;
				CLANG_WARN_INFINITE_RECURSION = YES;
				CLANG_WARN_INT_CONVERSION = YES;
				CLANG_WARN_NON_LITERAL_NULL_CONVERSION = YES;
				CLANG_WARN_OBJC_LITERAL_CONVERSION = YES;
				CLANG_WARN_OBJC_ROOT_CLASS = YES_ERROR;
				CLANG_WARN_RANGE_LOOP_ANALYSIS = YES;
				CLANG_WARN_STRICT_PROTOTYPES = YES;
				CLANG_WARN_SUSPICIOUS_MOVE = YES;
				CLANG_WARN_UNREACHABLE_CODE = YES;
				CLANG_WARN__DUPLICATE_METHOD_MATCH = YES;
				"CODE_SIGN_IDENTITY[sdk=iphoneos*]" = "iPhone Developer";
				COPY_PHASE_STRIP = NO;
				CURRENT_PROJECT_VERSION = 1;
				DEBUG_INFORMATION_FORMAT = dwarf;
				ENABLE_STRICT_OBJC_MSGSEND = YES;
				ENABLE_TESTABILITY = YES;
				GCC_C_LANGUAGE_STANDARD = gnu99;
				GCC_DYNAMIC_NO_PIC = NO;
				GCC_NO_COMMON_BLOCKS = YES;
				GCC_OPTIMIZATION_LEVEL = 0;
				GCC_PREPROCESSOR_DEFINITIONS = (
					"DEBUG=1",
					"$(inherited)",
				);
				GCC_WARN_64_TO_32_BIT_CONVERSION = YES;
				GCC_WARN_ABOUT_RETURN_TYPE = YES_ERROR;
				GCC_WARN_UNDECLARED_SELECTOR = YES;
				GCC_WARN_UNINITIALIZED_AUTOS = YES_AGGRESSIVE;
				GCC_WARN_UNUSED_FUNCTION = YES;
				GCC_WARN_UNUSED_VARIABLE = YES;
				IPHONEOS_DEPLOYMENT_TARGET = 10.2;
				MTL_ENABLE_DEBUG_INFO = YES;
				ONLY_ACTIVE_ARCH = YES;
				SDKROOT = iphoneos;
				SWIFT_ACTIVE_COMPILATION_CONDITIONS = DEBUG;
				SWIFT_OPTIMIZATION_LEVEL = "-Onone";
				SWIFT_VERSION = 4.0;
				TARGETED_DEVICE_FAMILY = "1,2";
				VERSIONING_SYSTEM = "apple-generic";
				VERSION_INFO_PREFIX = "";
			};
			name = Debug;
		};
		2CE38E971E16613800EDFC3D /* Release */ = {
			isa = XCBuildConfiguration;
			buildSettings = {
				ALWAYS_SEARCH_USER_PATHS = NO;
				CLANG_ANALYZER_NONNULL = YES;
				CLANG_CXX_LANGUAGE_STANDARD = "gnu++0x";
				CLANG_CXX_LIBRARY = "libc++";
				CLANG_ENABLE_MODULES = YES;
				CLANG_ENABLE_OBJC_ARC = YES;
				CLANG_WARN_BLOCK_CAPTURE_AUTORELEASING = YES;
				CLANG_WARN_BOOL_CONVERSION = YES;
				CLANG_WARN_COMMA = YES;
				CLANG_WARN_CONSTANT_CONVERSION = YES;
				CLANG_WARN_DIRECT_OBJC_ISA_USAGE = YES_ERROR;
				CLANG_WARN_DOCUMENTATION_COMMENTS = YES;
				CLANG_WARN_EMPTY_BODY = YES;
				CLANG_WARN_ENUM_CONVERSION = YES;
				CLANG_WARN_INFINITE_RECURSION = YES;
				CLANG_WARN_INT_CONVERSION = YES;
				CLANG_WARN_NON_LITERAL_NULL_CONVERSION = YES;
				CLANG_WARN_OBJC_LITERAL_CONVERSION = YES;
				CLANG_WARN_OBJC_ROOT_CLASS = YES_ERROR;
				CLANG_WARN_RANGE_LOOP_ANALYSIS = YES;
				CLANG_WARN_STRICT_PROTOTYPES = YES;
				CLANG_WARN_SUSPICIOUS_MOVE = YES;
				CLANG_WARN_UNREACHABLE_CODE = YES;
				CLANG_WARN__DUPLICATE_METHOD_MATCH = YES;
				"CODE_SIGN_IDENTITY[sdk=iphoneos*]" = "iPhone Developer";
				COPY_PHASE_STRIP = NO;
				CURRENT_PROJECT_VERSION = 1;
				DEBUG_INFORMATION_FORMAT = "dwarf-with-dsym";
				ENABLE_NS_ASSERTIONS = NO;
				ENABLE_STRICT_OBJC_MSGSEND = YES;
				GCC_C_LANGUAGE_STANDARD = gnu99;
				GCC_NO_COMMON_BLOCKS = YES;
				GCC_WARN_64_TO_32_BIT_CONVERSION = YES;
				GCC_WARN_ABOUT_RETURN_TYPE = YES_ERROR;
				GCC_WARN_UNDECLARED_SELECTOR = YES;
				GCC_WARN_UNINITIALIZED_AUTOS = YES_AGGRESSIVE;
				GCC_WARN_UNUSED_FUNCTION = YES;
				GCC_WARN_UNUSED_VARIABLE = YES;
				IPHONEOS_DEPLOYMENT_TARGET = 10.2;
				MTL_ENABLE_DEBUG_INFO = NO;
				SDKROOT = iphoneos;
				SWIFT_OPTIMIZATION_LEVEL = "-Owholemodule";
				SWIFT_VERSION = 4.0;
				TARGETED_DEVICE_FAMILY = "1,2";
				VALIDATE_PRODUCT = YES;
				VERSIONING_SYSTEM = "apple-generic";
				VERSION_INFO_PREFIX = "";
			};
			name = Release;
		};
		2CE38E991E16613800EDFC3D /* Debug */ = {
			isa = XCBuildConfiguration;
			buildSettings = {
				CODE_SIGN_IDENTITY = "";
				DEFINES_MODULE = YES;
				DEVELOPMENT_TEAM = EMF866L2YQ;
				DYLIB_COMPATIBILITY_VERSION = 1;
				DYLIB_CURRENT_VERSION = 1;
				DYLIB_INSTALL_NAME_BASE = "@rpath";
				FRAMEWORK_SEARCH_PATHS = (
					"$(inherited)",
					"$(PROJECT_DIR)/Carthage/Build/iOS",
				);
				INFOPLIST_FILE = NSMWebservice/Info.plist;
				INSTALL_PATH = "$(LOCAL_LIBRARY_DIR)/Frameworks";
				IPHONEOS_DEPLOYMENT_TARGET = 10.0;
				LD_RUNPATH_SEARCH_PATHS = "$(inherited) @executable_path/Frameworks @loader_path/Frameworks";
				PRODUCT_BUNDLE_IDENTIFIER = com.nesium.NSMWebservice;
				PRODUCT_NAME = "$(TARGET_NAME)";
				SKIP_INSTALL = YES;
			};
			name = Debug;
		};
		2CE38E9A1E16613800EDFC3D /* Release */ = {
			isa = XCBuildConfiguration;
			buildSettings = {
				CODE_SIGN_IDENTITY = "";
				DEFINES_MODULE = YES;
				DEVELOPMENT_TEAM = EMF866L2YQ;
				DYLIB_COMPATIBILITY_VERSION = 1;
				DYLIB_CURRENT_VERSION = 1;
				DYLIB_INSTALL_NAME_BASE = "@rpath";
				FRAMEWORK_SEARCH_PATHS = (
					"$(inherited)",
					"$(PROJECT_DIR)/Carthage/Build/iOS",
				);
				INFOPLIST_FILE = NSMWebservice/Info.plist;
				INSTALL_PATH = "$(LOCAL_LIBRARY_DIR)/Frameworks";
				IPHONEOS_DEPLOYMENT_TARGET = 10.0;
				LD_RUNPATH_SEARCH_PATHS = "$(inherited) @executable_path/Frameworks @loader_path/Frameworks";
				PRODUCT_BUNDLE_IDENTIFIER = com.nesium.NSMWebservice;
				PRODUCT_NAME = "$(TARGET_NAME)";
				SKIP_INSTALL = YES;
			};
			name = Release;
		};
		2CE38E9C1E16613800EDFC3D /* Debug */ = {
			isa = XCBuildConfiguration;
			buildSettings = {
				ALWAYS_EMBED_SWIFT_STANDARD_LIBRARIES = YES;
				DEVELOPMENT_TEAM = EMF866L2YQ;
				FRAMEWORK_SEARCH_PATHS = (
					"$(inherited)",
					"$(PROJECT_DIR)/Carthage/Build/iOS",
				);
				INFOPLIST_FILE = NSMWebserviceTests/Info.plist;
				IPHONEOS_DEPLOYMENT_TARGET = 11.2;
				LD_RUNPATH_SEARCH_PATHS = "$(inherited) @executable_path/Frameworks @loader_path/Frameworks";
				PRODUCT_BUNDLE_IDENTIFIER = com.nesium.NSMWebserviceTests;
				PRODUCT_NAME = "$(TARGET_NAME)";
				TEST_HOST = "$(BUILT_PRODUCTS_DIR)/TestHost.app/TestHost";
			};
			name = Debug;
		};
		2CE38E9D1E16613800EDFC3D /* Release */ = {
			isa = XCBuildConfiguration;
			buildSettings = {
				ALWAYS_EMBED_SWIFT_STANDARD_LIBRARIES = YES;
				DEVELOPMENT_TEAM = EMF866L2YQ;
				FRAMEWORK_SEARCH_PATHS = (
					"$(inherited)",
					"$(PROJECT_DIR)/Carthage/Build/iOS",
				);
				INFOPLIST_FILE = NSMWebserviceTests/Info.plist;
				IPHONEOS_DEPLOYMENT_TARGET = 11.2;
				LD_RUNPATH_SEARCH_PATHS = "$(inherited) @executable_path/Frameworks @loader_path/Frameworks";
				PRODUCT_BUNDLE_IDENTIFIER = com.nesium.NSMWebserviceTests;
				PRODUCT_NAME = "$(TARGET_NAME)";
				TEST_HOST = "$(BUILT_PRODUCTS_DIR)/TestHost.app/TestHost";
			};
			name = Release;
		};
/* End XCBuildConfiguration section */

/* Begin XCConfigurationList section */
		2C5A09D31F0849DB00660E6A /* Build configuration list for PBXNativeTarget "TestHost" */ = {
			isa = XCConfigurationList;
			buildConfigurations = (
				2C5A09D41F0849DB00660E6A /* Debug */,
				2C5A09D51F0849DB00660E6A /* Release */,
			);
			defaultConfigurationIsVisible = 0;
			defaultConfigurationName = Release;
		};
		2CE38E7E1E16613800EDFC3D /* Build configuration list for PBXProject "NSMWebservice" */ = {
			isa = XCConfigurationList;
			buildConfigurations = (
				2CE38E961E16613800EDFC3D /* Debug */,
				2CE38E971E16613800EDFC3D /* Release */,
			);
			defaultConfigurationIsVisible = 0;
			defaultConfigurationName = Release;
		};
		2CE38E981E16613800EDFC3D /* Build configuration list for PBXNativeTarget "NSMWebservice" */ = {
			isa = XCConfigurationList;
			buildConfigurations = (
				2CE38E991E16613800EDFC3D /* Debug */,
				2CE38E9A1E16613800EDFC3D /* Release */,
			);
			defaultConfigurationIsVisible = 0;
			defaultConfigurationName = Release;
		};
		2CE38E9B1E16613800EDFC3D /* Build configuration list for PBXNativeTarget "NSMWebserviceTests" */ = {
			isa = XCConfigurationList;
			buildConfigurations = (
				2CE38E9C1E16613800EDFC3D /* Debug */,
				2CE38E9D1E16613800EDFC3D /* Release */,
			);
			defaultConfigurationIsVisible = 0;
			defaultConfigurationName = Release;
		};
/* End XCConfigurationList section */
	};
	rootObject = 2CE38E7B1E16613800EDFC3D /* Project object */;
}
